
Microsoft Visual Studio Solution File, Format Version 12.00
# Visual Studio Version 17
VisualStudioVersion = 17.5.33414.496
MinimumVisualStudioVersion = 10.0.40219.1
Project("{FAE04EC0-301F-11D3-BF4B-00C04F79EFBC}") = "Athelyezes", "Athelyezes\Athelyezes.csproj", "{93D6169D-98AE-46C4-99D8-4DF5BFD9895D}"
EndProject
Global
	GlobalSection(SolutionConfigurationPlatforms) = preSolution
		Debug|Any CPU = Debug|Any CPU
		Release|Any CPU = Release|Any CPU
	EndGlobalSection
	GlobalSection(ProjectConfigurationPlatforms) = postSolution
		{93D6169D-98AE-46C4-99D8-4DF5BFD9895D}.Debug|Any CPU.ActiveCfg = Debug|Any CPU
		{93D6169D-98AE-46C4-99D8-4DF5BFD9895D}.Debug|Any CPU.Build.0 = Debug|Any CPU
		{93D6169D-98AE-46C4-99D8-4DF5BFD9895D}.Release|Any CPU.ActiveCfg = Release|Any CPU
		{93D6169D-98AE-46C4-99D8-4DF5BFD9895D}.Release|Any CPU.Build.0 = Release|Any CPU
	EndGlobalSection
	GlobalSection(SolutionProperties) = preSolution
		HideSolutionNode = FALSE
	EndGlobalSection
	GlobalSection(ExtensibilityGlobals) = postSolution
		SolutionGuid = {4D43E52F-49E4-42FE-AFEB-3922A82201E3}
	EndGlobalSection
EndGlobal
